
Microsoft Visual Studio Solution File, Format Version 12.00
# Visual Studio 15
VisualStudioVersion = 15.0.28307.572
MinimumVisualStudioVersion = 10.0.40219.1
Project("{FAE04EC0-301F-11D3-BF4B-00C04F79EFBC}") = "Wzorzec Mediator", "Wzorzec Mediator\Wzorzec Mediator.csproj", "{0D7CA5DB-67D9-4498-B1B8-4608EDAEA1BD}"
EndProject
Global
	GlobalSection(SolutionConfigurationPlatforms) = preSolution
		Debug|Any CPU = Debug|Any CPU
		Release|Any CPU = Release|Any CPU
	EndGlobalSection
	GlobalSection(ProjectConfigurationPlatforms) = postSolution
		{0D7CA5DB-67D9-4498-B1B8-4608EDAEA1BD}.Debug|Any CPU.ActiveCfg = Debug|Any CPU
		{0D7CA5DB-67D9-4498-B1B8-4608EDAEA1BD}.Debug|Any CPU.Build.0 = Debug|Any CPU
		{0D7CA5DB-67D9-4498-B1B8-4608EDAEA1BD}.Release|Any CPU.ActiveCfg = Release|Any CPU
		{0D7CA5DB-67D9-4498-B1B8-4608EDAEA1BD}.Release|Any CPU.Build.0 = Release|Any CPU
	EndGlobalSection
	GlobalSection(SolutionProperties) = preSolution
		HideSolutionNode = FALSE
	EndGlobalSection
	GlobalSection(ExtensibilityGlobals) = postSolution
		SolutionGuid = {00E70C9C-3D38-469F-946A-C16B09455BBA}
	EndGlobalSection
EndGlobal
